
Microsoft Visual Studio Solution File, Format Version 12.00
# Visual Studio Version 16
VisualStudioVersion = 16.0.31624.102
MinimumVisualStudioVersion = 10.0.40219.1
Project("{FAE04EC0-301F-11D3-BF4B-00C04F79EFBC}") = "Rotational Experiment", "Rotational Experiment.csproj", "{E2482386-69F7-43AD-B369-848CDA5E67CC}"
EndProject
Global
	GlobalSection(SolutionConfigurationPlatforms) = preSolution
		Debug|Any CPU = Debug|Any CPU
		Release|Any CPU = Release|Any CPU
	EndGlobalSection
	GlobalSection(ProjectConfigurationPlatforms) = postSolution
		{E2482386-69F7-43AD-B369-848CDA5E67CC}.Debug|Any CPU.ActiveCfg = Debug|Any CPU
		{E2482386-69F7-43AD-B369-848CDA5E67CC}.Debug|Any CPU.Build.0 = Debug|Any CPU
		{E2482386-69F7-43AD-B369-848CDA5E67CC}.Release|Any CPU.ActiveCfg = Release|Any CPU
		{E2482386-69F7-43AD-B369-848CDA5E67CC}.Release|Any CPU.Build.0 = Release|Any CPU
	EndGlobalSection
	GlobalSection(SolutionProperties) = preSolution
		HideSolutionNode = FALSE
	EndGlobalSection
	GlobalSection(ExtensibilityGlobals) = postSolution
		SolutionGuid = {6677075F-2257-47E3-B209-93BFC303DA28}
	EndGlobalSection
EndGlobal
