
Microsoft Visual Studio Solution File, Format Version 12.00
# Visual Studio Version 17
VisualStudioVersion = 17.4.33110.190
MinimumVisualStudioVersion = 10.0.40219.1
Project("{9A19103F-16F7-4668-BE54-9A1E7A4F7556}") = "PID", "PID\PID.csproj", "{D8E821F2-1CEE-49AC-82D4-8E5347ABA423}"
EndProject
Project("{9A19103F-16F7-4668-BE54-9A1E7A4F7556}") = "NavMenu", "NavMenuNew\NavMenu.csproj", "{E27E06F5-1005-4891-A3DC-9758CB5AEB63}"
EndProject
Global
	GlobalSection(SolutionConfigurationPlatforms) = preSolution
		Debug|Any CPU = Debug|Any CPU
		Release|Any CPU = Release|Any CPU
	EndGlobalSection
	GlobalSection(ProjectConfigurationPlatforms) = postSolution
		{D8E821F2-1CEE-49AC-82D4-8E5347ABA423}.Debug|Any CPU.ActiveCfg = Debug|Any CPU
		{D8E821F2-1CEE-49AC-82D4-8E5347ABA423}.Debug|Any CPU.Build.0 = Debug|Any CPU
		{D8E821F2-1CEE-49AC-82D4-8E5347ABA423}.Release|Any CPU.ActiveCfg = Release|Any CPU
		{D8E821F2-1CEE-49AC-82D4-8E5347ABA423}.Release|Any CPU.Build.0 = Release|Any CPU
		{E27E06F5-1005-4891-A3DC-9758CB5AEB63}.Debug|Any CPU.ActiveCfg = Debug|Any CPU
		{E27E06F5-1005-4891-A3DC-9758CB5AEB63}.Debug|Any CPU.Build.0 = Debug|Any CPU
		{E27E06F5-1005-4891-A3DC-9758CB5AEB63}.Release|Any CPU.ActiveCfg = Release|Any CPU
		{E27E06F5-1005-4891-A3DC-9758CB5AEB63}.Release|Any CPU.Build.0 = Release|Any CPU
	EndGlobalSection
	GlobalSection(SolutionProperties) = preSolution
		HideSolutionNode = FALSE
	EndGlobalSection
	GlobalSection(ExtensibilityGlobals) = postSolution
		SolutionGuid = {5B046A12-3025-4056-9ECD-2F649A76A7DC}
	EndGlobalSection
EndGlobal
