
Microsoft Visual Studio Solution File, Format Version 12.00
# Visual Studio Version 16
VisualStudioVersion = 16.0.31624.102
MinimumVisualStudioVersion = 10.0.40219.1
Project("{FAE04EC0-301F-11D3-BF4B-00C04F79EFBC}") = "Model1", "Model1\Model1.csproj", "{4879378A-B485-46C9-831B-1BFB9922ECBC}"
EndProject
Global
	GlobalSection(SolutionConfigurationPlatforms) = preSolution
		Debug|Any CPU = Debug|Any CPU
		Release|Any CPU = Release|Any CPU
	EndGlobalSection
	GlobalSection(ProjectConfigurationPlatforms) = postSolution
		{4879378A-B485-46C9-831B-1BFB9922ECBC}.Debug|Any CPU.ActiveCfg = Debug|Any CPU
		{4879378A-B485-46C9-831B-1BFB9922ECBC}.Debug|Any CPU.Build.0 = Debug|Any CPU
		{4879378A-B485-46C9-831B-1BFB9922ECBC}.Release|Any CPU.ActiveCfg = Release|Any CPU
		{4879378A-B485-46C9-831B-1BFB9922ECBC}.Release|Any CPU.Build.0 = Release|Any CPU
	EndGlobalSection
	GlobalSection(SolutionProperties) = preSolution
		HideSolutionNode = FALSE
	EndGlobalSection
	GlobalSection(ExtensibilityGlobals) = postSolution
		SolutionGuid = {5B046A12-3025-4056-9ECD-2F649A76A7DC}
	EndGlobalSection
EndGlobal
